
Microsoft Visual Studio Solution File, Format Version 12.00
# Visual Studio Version 16
VisualStudioVersion = 16.0.34301.259
MinimumVisualStudioVersion = 10.0.40219.1
Project("{FAE04EC0-301F-11D3-BF4B-00C04F79EFBC}") = "MatchGame", "MatchGame\MatchGame.csproj", "{9659EDC4-9DF0-47DC-B871-02B5A5D8778D}"
EndProject
Global
	GlobalSection(SolutionConfigurationPlatforms) = preSolution
		Debug|Any CPU = Debug|Any CPU
		Release|Any CPU = Release|Any CPU
	EndGlobalSection
	GlobalSection(ProjectConfigurationPlatforms) = postSolution
		{9659EDC4-9DF0-47DC-B871-02B5A5D8778D}.Debug|Any CPU.ActiveCfg = Debug|Any CPU
		{9659EDC4-9DF0-47DC-B871-02B5A5D8778D}.Debug|Any CPU.Build.0 = Debug|Any CPU
		{9659EDC4-9DF0-47DC-B871-02B5A5D8778D}.Release|Any CPU.ActiveCfg = Release|Any CPU
		{9659EDC4-9DF0-47DC-B871-02B5A5D8778D}.Release|Any CPU.Build.0 = Release|Any CPU
	EndGlobalSection
	GlobalSection(SolutionProperties) = preSolution
		HideSolutionNode = FALSE
	EndGlobalSection
	GlobalSection(ExtensibilityGlobals) = postSolution
		SolutionGuid = {25E478F4-F227-4EAE-AD91-0EF4AEDF4A1A}
	EndGlobalSection
EndGlobal
